
Microsoft Visual Studio Solution File, Format Version 12.00
# Visual Studio Version 17
VisualStudioVersion = 17.14.35906.104
MinimumVisualStudioVersion = 10.0.40219.1
Project("{FAE04EC0-301F-11D3-BF4B-00C04F79EFBC}") = "MagicVilla_VillaAPI", "MagicVilla_VillaAPI\MagicVilla_VillaAPI.csproj", "{621C4932-4AE4-46BE-AA26-E057897711C9}"
EndProject
Project("{FAE04EC0-301F-11D3-BF4B-00C04F79EFBC}") = "MagicVilla_Web", "MagicVilla_Web\MagicVilla_Web.csproj", "{D50AB3EC-852D-45D3-8FF6-C119A3617437}"
EndProject
Project("{FAE04EC0-301F-11D3-BF4B-00C04F79EFBC}") = "MagicVilla_Utility", "MagicVilla_Utility\MagicVilla_Utility.csproj", "{147D4562-9C4C-43DF-B35F-9CD2F845B038}"
EndProject
Global
	GlobalSection(SolutionConfigurationPlatforms) = preSolution
		Debug|Any CPU = Debug|Any CPU
		Release|Any CPU = Release|Any CPU
	EndGlobalSection
	GlobalSection(ProjectConfigurationPlatforms) = postSolution
		{621C4932-4AE4-46BE-AA26-E057897711C9}.Debug|Any CPU.ActiveCfg = Debug|Any CPU
		{621C4932-4AE4-46BE-AA26-E057897711C9}.Debug|Any CPU.Build.0 = Debug|Any CPU
		{621C4932-4AE4-46BE-AA26-E057897711C9}.Release|Any CPU.ActiveCfg = Release|Any CPU
		{621C4932-4AE4-46BE-AA26-E057897711C9}.Release|Any CPU.Build.0 = Release|Any CPU
		{D50AB3EC-852D-45D3-8FF6-C119A3617437}.Debug|Any CPU.ActiveCfg = Debug|Any CPU
		{D50AB3EC-852D-45D3-8FF6-C119A3617437}.Debug|Any CPU.Build.0 = Debug|Any CPU
		{D50AB3EC-852D-45D3-8FF6-C119A3617437}.Release|Any CPU.ActiveCfg = Release|Any CPU
		{D50AB3EC-852D-45D3-8FF6-C119A3617437}.Release|Any CPU.Build.0 = Release|Any CPU
		{147D4562-9C4C-43DF-B35F-9CD2F845B038}.Debug|Any CPU.ActiveCfg = Debug|Any CPU
		{147D4562-9C4C-43DF-B35F-9CD2F845B038}.Debug|Any CPU.Build.0 = Debug|Any CPU
		{147D4562-9C4C-43DF-B35F-9CD2F845B038}.Release|Any CPU.ActiveCfg = Release|Any CPU
		{147D4562-9C4C-43DF-B35F-9CD2F845B038}.Release|Any CPU.Build.0 = Release|Any CPU
	EndGlobalSection
	GlobalSection(SolutionProperties) = preSolution
		HideSolutionNode = FALSE
	EndGlobalSection
	GlobalSection(ExtensibilityGlobals) = postSolution
		SolutionGuid = {CB01839B-23E4-4220-8676-26C9694C8A61}
	EndGlobalSection
EndGlobal
